
Microsoft Visual Studio Solution File, Format Version 12.00
# Visual Studio Version 17
VisualStudioVersion = 17.9.34607.119
MinimumVisualStudioVersion = 10.0.40219.1
Project("{FAE04EC0-301F-11D3-BF4B-00C04F79EFBC}") = "HAC.ConsoleIO", "HAC.ConsoleIO\HAC.ConsoleIO.csproj", "{57C902EF-F2F6-4AD5-9A4D-34F728049625}"
EndProject
Global
	GlobalSection(SolutionConfigurationPlatforms) = preSolution
		Debug|Any CPU = Debug|Any CPU
		Release|Any CPU = Release|Any CPU
	EndGlobalSection
	GlobalSection(ProjectConfigurationPlatforms) = postSolution
		{57C902EF-F2F6-4AD5-9A4D-34F728049625}.Debug|Any CPU.ActiveCfg = Debug|Any CPU
		{57C902EF-F2F6-4AD5-9A4D-34F728049625}.Debug|Any CPU.Build.0 = Debug|Any CPU
		{57C902EF-F2F6-4AD5-9A4D-34F728049625}.Release|Any CPU.ActiveCfg = Release|Any CPU
		{57C902EF-F2F6-4AD5-9A4D-34F728049625}.Release|Any CPU.Build.0 = Release|Any CPU
	EndGlobalSection
	GlobalSection(SolutionProperties) = preSolution
		HideSolutionNode = FALSE
	EndGlobalSection
	GlobalSection(ExtensibilityGlobals) = postSolution
		SolutionGuid = {F6D4A18C-C373-4766-9713-44DAF3155223}
	EndGlobalSection
EndGlobal
